Microsoft Visual Studio Solution File, Format Version 11.00
# Visual Studio 2008

Project("{0230E6B4-B9E3-3449-4F0F-E4643D3FB3A7}") = "JPN First Game", "Assembly-CSharp.csproj", "{51B3F495-F189-E3DD-B755-77775EE0258C}"
EndProject
Global
	GlobalSection(SolutionConfigurationPlatforms) = preSolution
		Debug|Any CPU = Debug|Any CPU
		Release|Any CPU = Release|Any CPU
	EndGlobalSection
	GlobalSection(ProjectConfigurationPlatforms) = postSolution
		{51B3F495-F189-E3DD-B755-77775EE0258C}.Debug|Any CPU.ActiveCfg = Debug|Any CPU
		{51B3F495-F189-E3DD-B755-77775EE0258C}.Debug|Any CPU.Build.0 = Debug|Any CPU
		{51B3F495-F189-E3DD-B755-77775EE0258C}.Release|Any CPU.ActiveCfg = Release|Any CPU
		{51B3F495-F189-E3DD-B755-77775EE0258C}.Release|Any CPU.Build.0 = Release|Any CPU
	EndGlobalSection
	GlobalSection(SolutionProperties) = preSolution
		HideSolutionNode = FALSE
	EndGlobalSection
	GlobalSection(MonoDevelopProperties) = preSolution
		StartupItem = Assembly-CSharp.csproj
	EndGlobalSection
EndGlobal
